// !$*UTF8*$!
{
	archiveVersion = 1;
	classes = {
	};
	objectVersion = 46;
	objects = {

/* Begin PBXBuildFile section */
		70EEDB2C1BAF6F94007711D5 /* AppDelegate.swift in Sources */ = {isa = PBXBuildFile; fileRef = 70EEDB2B1BAF6F94007711D5 /* AppDelegate.swift */; };
		70EEDB2E1BAF6F94007711D5 /* FirstViewController.swift in Sources */ = {isa = PBXBuildFile; fileRef = 70EEDB2D1BAF6F94007711D5 /* FirstViewController.swift */; };
		70EEDB301BAF6F94007711D5 /* SecondViewController.swift in Sources */ = {isa = PBXBuildFile; fileRef = 70EEDB2F1BAF6F94007711D5 /* SecondViewController.swift */; };
		70EEDB331BAF6F94007711D5 /* Main.storyboard in Resources */ = {isa = PBXBuildFile; fileRef = 70EEDB311BAF6F94007711D5 /* Main.storyboard */; };
		70EEDB351BAF6F94007711D5 /* Assets.xcassets in Resources */ = {isa = PBXBuildFile; fileRef = 70EEDB341BAF6F94007711D5 /* Assets.xcassets */; };
		70EEDB381BAF6F94007711D5 /* LaunchScreen.storyboard in Resources */ = {isa = PBXBuildFile; fileRef = 70EEDB361BAF6F94007711D5 /* LaunchScreen.storyboard */; };
		70EEDB431BAF6F94007711D5 /* todo_appTests.swift in Sources */ = {isa = PBXBuildFile; fileRef = 70EEDB421BAF6F94007711D5 /* todo_appTests.swift */; };
		70EEDB4E1BAF6F94007711D5 /* todo_appUITests.swift in Sources */ = {isa = PBXBuildFile; fileRef = 70EEDB4D1BAF6F94007711D5 /* todo_appUITests.swift */; };
/* End PBXBuildFile section */

/* Begin PBXContainerItemProxy section */
		70EEDB3F1BAF6F94007711D5 /* PBXContainerItemProxy */ = {
			isa = PBXContainerItemProxy;
			containerPortal = 70EEDB201BAF6F94007711D5 /* Project object */;
			proxyType = 1;
			remoteGlobalIDString = 70EEDB271BAF6F94007711D5;
			remoteInfo = "todo app";
		};
		70EEDB4A1BAF6F94007711D5 /* PBXContainerItemProxy */ = {
			isa = PBXContainerItemProxy;
			containerPortal = 70EEDB201BAF6F94007711D5 /* Project object */;
			proxyType = 1;
			remoteGlobalIDString = 70EEDB271BAF6F94007711D5;
			remoteInfo = "todo app";
		};
/* End PBXContainerItemProxy section */

/* Begin PBXFileReference section */
		70EEDB281BAF6F94007711D5 /* todo app.app */ = {isa = PBXFileReference; explicitFileType = wrapper.application; includeInIndex = 0; path = "todo app.app"; sourceTree = BUILT_PRODUCTS_DIR; };
		70EEDB2B1BAF6F94007711D5 /* AppDelegate.swift */ = {isa = PBXFileReference; lastKnownFileType = sourcecode.swift; path = AppDelegate.swift; sourceTree = "<group>"; };
		70EEDB2D1BAF6F94007711D5 /* FirstViewController.swift */ = {isa = PBXFileReference; lastKnownFileType = sourcecode.swift; path = FirstViewController.swift; sourceTree = "<group>"; };
		70EEDB2F1BAF6F94007711D5 /* SecondViewController.swift */ = {isa = PBXFileReference; lastKnownFileType = sourcecode.swift; path = SecondViewController.swift; sourceTree = "<group>"; };
		70EEDB321BAF6F94007711D5 /* Base */ = {isa = PBXFileReference; lastKnownFileType = file.storyboard; name = Base; path = Base.lproj/Main.storyboard; sourceTree = "<group>"; };
		70EEDB341BAF6F94007711D5 /* Assets.xcassets */ = {isa = PBXFileReference; lastKnownFileType = folder.assetcatalog; path = Assets.xcassets; sourceTree = "<group>"; };
		70EEDB371BAF6F94007711D5 /* Base */ = {isa = PBXFileReference; lastKnownFileType = file.storyboard; name = Base; path = Base.lproj/LaunchScreen.storyboard; sourceTree = "<group>"; };
		70EEDB391BAF6F94007711D5 /* Info.plist */ = {isa = PBXFileReference; lastKnownFileType = text.plist.xml; path = Info.plist; sourceTree = "<group>"; };
		70EEDB3E1BAF6F94007711D5 /* todo appTests.xctest */ = {isa = PBXFileReference; explicitFileType = wrapper.cfbundle; includeInIndex = 0; path = "todo appTests.xctest"; sourceTree = BUILT_PRODUCTS_DIR; };
		70EEDB421BAF6F94007711D5 /* todo_appTests.swift */ = {isa = PBXFileReference; lastKnownFileType = sourcecode.swift; path = todo_appTests.swift; sourceTree = "<group>"; };
		70EEDB441BAF6F94007711D5 /* Info.plist */ = {isa = PBXFileReference; lastKnownFileType = text.plist.xml; path = Info.plist; sourceTree = "<group>"; };
		70EEDB491BAF6F94007711D5 /* todo appUITests.xctest */ = {isa = PBXFileReference; explicitFileType = wrapper.cfbundle; includeInIndex = 0; path = "todo appUITests.xctest"; sourceTree = BUILT_PRODUCTS_DIR; };
		70EEDB4D1BAF6F94007711D5 /* todo_appUITests.swift */ = {isa = PBXFileReference; lastKnownFileType = sourcecode.swift; path = todo_appUITests.swift; sourceTree = "<group>"; };
		70EEDB4F1BAF6F94007711D5 /* Info.plist */ = {isa = PBXFileReference; lastKnownFileType = text.plist.xml; path = Info.plist; sourceTree = "<group>"; };
/* End PBXFileReference section */

/* Begin PBXFrameworksBuildPhase section */
		70EEDB251BAF6F94007711D5 /* Frameworks */ = {
			isa = PBXFrameworksBuildPhase;
			buildActionMask = 2147483647;
			files = (
			);
			runOnlyForDeploymentPostprocessing = 0;
		};
		70EEDB3B1BAF6F94007711D5 /* Frameworks */ = {
			isa = PBXFrameworksBuildPhase;
			buildActionMask = 2147483647;
			files = (
			);
			runOnlyForDeploymentPostprocessing = 0;
		};
		70EEDB461BAF6F94007711D5 /* Frameworks */ = {
			isa = PBXFrameworksBuildPhase;
			buildActionMask = 2147483647;
			files = (
			);
			runOnlyForDeploymentPostprocessing = 0;
		};
/* End PBXFrameworksBuildPhase section */

/* Begin PBXGroup section */
		70EEDB1F1BAF6F94007711D5 = {
			isa = PBXGroup;
			children = (
				70EEDB2A1BAF6F94007711D5 /* todo app */,
				70EEDB411BAF6F94007711D5 /* todo appTests */,
				70EEDB4C1BAF6F94007711D5 /* todo appUITests */,
				70EEDB291BAF6F94007711D5 /* Products */,
			);
			sourceTree = "<group>";
		};
		70EEDB291BAF6F94007711D5 /* Products */ = {
			isa = PBXGroup;
			children = (
				70EEDB281BAF6F94007711D5 /* todo app.app */,
				70EEDB3E1BAF6F94007711D5 /* todo appTests.xctest */,
				70EEDB491BAF6F94007711D5 /* todo appUITests.xctest */,
			);
			name = Products;
			sourceTree = "<group>";
		};
		70EEDB2A1BAF6F94007711D5 /* todo app */ = {
			isa = PBXGroup;
			children = (
				70EEDB2B1BAF6F94007711D5 /* AppDelegate.swift */,
				70EEDB2D1BAF6F94007711D5 /* FirstViewController.swift */,
				70EEDB2F1BAF6F94007711D5 /* SecondViewController.swift */,
				70EEDB311BAF6F94007711D5 /* Main.storyboard */,
				70EEDB341BAF6F94007711D5 /* Assets.xcassets */,
				70EEDB361BAF6F94007711D5 /* LaunchScreen.storyboard */,
				70EEDB391BAF6F94007711D5 /* Info.plist */,
			);
			path = "todo app";
			sourceTree = "<group>";
		};
		70EEDB411BAF6F94007711D5 /* todo appTests */ = {
			isa = PBXGroup;
			children = (
				70EEDB421BAF6F94007711D5 /* todo_appTests.swift */,
				70EEDB441BAF6F94007711D5 /* Info.plist */,
			);
			path = "todo appTests";
			sourceTree = "<group>";
		};
		70EEDB4C1BAF6F94007711D5 /* todo appUITests */ = {
			isa = PBXGroup;
			children = (
				70EEDB4D1BAF6F94007711D5 /* todo_appUITests.swift */,
				70EEDB4F1BAF6F94007711D5 /* Info.plist */,
			);
			path = "todo appUITests";
			sourceTree = "<group>";
		};
/* End PBXGroup section */

/* Begin PBXNativeTarget section */
		70EEDB271BAF6F94007711D5 /* todo app */ = {
			isa = PBXNativeTarget;
			buildConfigurationList = 70EEDB521BAF6F94007711D5 /* Build configuration list for PBXNativeTarget "todo app" */;
			buildPhases = (
				70EEDB241BAF6F94007711D5 /* Sources */,
				70EEDB251BAF6F94007711D5 /* Frameworks */,
				70EEDB261BAF6F94007711D5 /* Resources */,
			);
			buildRules = (
			);
			dependencies = (
			);
			name = "todo app";
			productName = "todo app";
			productReference = 70EEDB281BAF6F94007711D5 /* todo app.app */;
			productType = "com.apple.product-type.application";
		};
		70EEDB3D1BAF6F94007711D5 /* todo appTests */ = {
			isa = PBXNativeTarget;
			buildConfigurationList = 70EEDB551BAF6F94007711D5 /* Build configuration list for PBXNativeTarget "todo appTests" */;
			buildPhases = (
				70EEDB3A1BAF6F94007711D5 /* Sources */,
				70EEDB3B1BAF6F94007711D5 /* Frameworks */,
				70EEDB3C1BAF6F94007711D5 /* Resources */,
			);
			buildRules = (
			);
			dependencies = (
				70EEDB401BAF6F94007711D5 /* PBXTargetDependency */,
			);
			name = "todo appTests";
			productName = "todo appTests";
			productReference = 70EEDB3E1BAF6F94007711D5 /* todo appTests.xctest */;
			productType = "com.apple.product-type.bundle.unit-test";
		};
		70EEDB481BAF6F94007711D5 /* todo appUITests */ = {
			isa = PBXNativeTarget;
			buildConfigurationList = 70EEDB581BAF6F94007711D5 /* Build configuration list for PBXNativeTarget "todo appUITests" */;
			buildPhases = (
				70EEDB451BAF6F94007711D5 /* Sources */,
				70EEDB461BAF6F94007711D5 /* Frameworks */,
				70EEDB471BAF6F94007711D5 /* Resources */,
			);
			buildRules = (
			);
			dependencies = (
				70EEDB4B1BAF6F94007711D5 /* PBXTargetDependency */,
			);
			name = "todo appUITests";
			productName = "todo appUITests";
			productReference = 70EEDB491BAF6F94007711D5 /* todo appUITests.xctest */;
			productType = "com.apple.product-type.bundle.ui-testing";
		};
/* End PBXNativeTarget section */

/* Begin PBXProject section */
		70EEDB201BAF6F94007711D5 /* Project object */ = {
			isa = PBXProject;
			attributes = {
				LastUpgradeCheck = 0700;
				ORGANIZATIONNAME = "Jesus Maldonado";
				TargetAttributes = {
					70EEDB271BAF6F94007711D5 = {
						CreatedOnToolsVersion = 7.0;
					};
					70EEDB3D1BAF6F94007711D5 = {
						CreatedOnToolsVersion = 7.0;
						TestTargetID = 70EEDB271BAF6F94007711D5;
					};
					70EEDB481BAF6F94007711D5 = {
						CreatedOnToolsVersion = 7.0;
						TestTargetID = 70EEDB271BAF6F94007711D5;
					};
				};
			};
			buildConfigurationList = 70EEDB231BAF6F94007711D5 /* Build configuration list for PBXProject "todo app" */;
			compatibilityVersion = "Xcode 3.2";
			developmentRegion = English;
			hasScannedForEncodings = 0;
			knownRegions = (
				en,
				Base,
			);
			mainGroup = 70EEDB1F1BAF6F94007711D5;
			productRefGroup = 70EEDB291BAF6F94007711D5 /* Products */;
			projectDirPath = "";
			projectRoot = "";
			targets = (
				70EEDB271BAF6F94007711D5 /* todo app */,
				70EEDB3D1BAF6F94007711D5 /* todo appTests */,
				70EEDB481BAF6F94007711D5 /* todo appUITests */,
			);
		};
/* End PBXProject section */

/* Begin PBXResourcesBuildPhase section */
		70EEDB261BAF6F94007711D5 /* Resources */ = {
			isa = PBXResourcesBuildPhase;
			buildActionMask = 2147483647;
			files = (
				70EEDB381BAF6F94007711D5 /* LaunchScreen.storyboard in Resources */,
				70EEDB351BAF6F94007711D5 /* Assets.xcassets in Resources */,
				70EEDB331BAF6F94007711D5 /* Main.storyboard in Resources */,
			);
			runOnlyForDeploymentPostprocessing = 0;
		};
		70EEDB3C1BAF6F94007711D5 /* Resources */ = {
			isa = PBXResourcesBuildPhase;
			buildActionMask = 2147483647;
			files = (
			);
			runOnlyForDeploymentPostprocessing = 0;
		};
		70EEDB471BAF6F94007711D5 /* Resources */ = {
			isa = PBXResourcesBuildPhase;
			buildActionMask = 2147483647;
			files = (
			);
			runOnlyForDeploymentPostprocessing = 0;
		};
/* End PBXResourcesBuildPhase section */

/* Begin PBXSourcesBuildPhase section */
		70EEDB241BAF6F94007711D5 /* Sources */ = {
			isa = PBXSourcesBuildPhase;
			buildActionMask = 2147483647;
			files = (
				70EEDB301BAF6F94007711D5 /* SecondViewController.swift in Sources */,
				70EEDB2C1BAF6F94007711D5 /* AppDelegate.swift in Sources */,
				70EEDB2E1BAF6F94007711D5 /* FirstViewController.swift in Sources */,
			);
			runOnlyForDeploymentPostprocessing = 0;
		};
		70EEDB3A1BAF6F94007711D5 /* Sources */ = {
			isa = PBXSourcesBuildPhase;
			buildActionMask = 2147483647;
			files = (
				70EEDB431BAF6F94007711D5 /* todo_appTests.swift in Sources */,
			);
			runOnlyForDeploymentPostprocessing = 0;
		};
		70EEDB451BAF6F94007711D5 /* Sources */ = {
			isa = PBXSourcesBuildPhase;
			buildActionMask = 2147483647;
			files = (
				70EEDB4E1BAF6F94007711D5 /* todo_appUITests.swift in Sources */,
			);
			runOnlyForDeploymentPostprocessing = 0;
		};
/* End PBXSourcesBuildPhase section */

/* Begin PBXTargetDependency section */
		70EEDB401BAF6F94007711D5 /* PBXTargetDependency */ = {
			isa = PBXTargetDependency;
			target = 70EEDB271BAF6F94007711D5 /* todo app */;
			targetProxy = 70EEDB3F1BAF6F94007711D5 /* PBXContainerItemProxy */;
		};
		70EEDB4B1BAF6F94007711D5 /* PBXTargetDependency */ = {
			isa = PBXTargetDependency;
			target = 70EEDB271BAF6F94007711D5 /* todo app */;
			targetProxy = 70EEDB4A1BAF6F94007711D5 /* PBXContainerItemProxy */;
		};
/* End PBXTargetDependency section */

/* Begin PBXVariantGroup section */
		70EEDB311BAF6F94007711D5 /* Main.storyboard */ = {
			isa = PBXVariantGroup;
			children = (
				70EEDB321BAF6F94007711D5 /* Base */,
			);
			name = Main.storyboard;
			sourceTree = "<group>";
		};
		70EEDB361BAF6F94007711D5 /* LaunchScreen.storyboard */ = {
			isa = PBXVariantGroup;
			children = (
				70EEDB371BAF6F94007711D5 /* Base */,
			);
			name = LaunchScreen.storyboard;
			sourceTree = "<group>";
		};
/* End PBXVariantGroup section */

/* Begin XCBuildConfiguration section */
		70EEDB501BAF6F94007711D5 /* Debug */ = {
			isa = XCBuildConfiguration;
			buildSettings = {
				ALWAYS_SEARCH_USER_PATHS = NO;
				CLANG_CXX_LANGUAGE_STANDARD = "gnu++0x";
				CLANG_CXX_LIBRARY = "libc++";
				CLANG_ENABLE_MODULES = YES;
				CLANG_ENABLE_OBJC_ARC = YES;
				CLANG_WARN_BOOL_CONVERSION = YES;
				CLANG_WARN_CONSTANT_CONVERSION = YES;
				CLANG_WARN_DIRECT_OBJC_ISA_USAGE = YES_ERROR;
				CLANG_WARN_EMPTY_BODY = YES;
				CLANG_WARN_ENUM_CONVERSION = YES;
				CLANG_WARN_INT_CONVERSION = YES;
				CLANG_WARN_OBJC_ROOT_CLASS = YES_ERROR;
				CLANG_WARN_UNREACHABLE_CODE = YES;
				CLANG_WARN__DUPLICATE_METHOD_MATCH = YES;
				"CODE_SIGN_IDENTITY[sdk=iphoneos*]" = "iPhone Developer";
				COPY_PHASE_STRIP = NO;
				DEBUG_INFORMATION_FORMAT = dwarf;
				ENABLE_STRICT_OBJC_MSGSEND = YES;
				ENABLE_TESTABILITY = YES;
				GCC_C_LANGUAGE_STANDARD = gnu99;
				GCC_DYNAMIC_NO_PIC = NO;
				GCC_NO_COMMON_BLOCKS = YES;
				GCC_OPTIMIZATION_LEVEL = 0;
				GCC_PREPROCESSOR_DEFINITIONS = (
					"DEBUG=1",
					"$(inherited)",
				);
				GCC_WARN_64_TO_32_BIT_CONVERSION = YES;
				GCC_WARN_ABOUT_RETURN_TYPE = YES_ERROR;
				GCC_WARN_UNDECLARED_SELECTOR = YES;
				GCC_WARN_UNINITIALIZED_AUTOS = YES_AGGRESSIVE;
				GCC_WARN_UNUSED_FUNCTION = YES;
				GCC_WARN_UNUSED_VARIABLE = YES;
				IPHONEOS_DEPLOYMENT_TARGET = 9.0;
				MTL_ENABLE_DEBUG_INFO = YES;
				ONLY_ACTIVE_ARCH = YES;
				SDKROOT = iphoneos;
				SWIFT_OPTIMIZATION_LEVEL = "-Onone";
				TARGETED_DEVICE_FAMILY = "1,2";
			};
			name = Debug;
		};
		70EEDB511BAF6F94007711D5 /* Release */ = {
			isa = XCBuildConfiguration;
			buildSettings = {
				ALWAYS_SEARCH_USER_PATHS = NO;
				CLANG_CXX_LANGUAGE_STANDARD = "gnu++0x";
				CLANG_CXX_LIBRARY = "libc++";
				CLANG_ENABLE_MODULES = YES;
				CLANG_ENABLE_OBJC_ARC = YES;
				CLANG_WARN_BOOL_CONVERSION = YES;
				CLANG_WARN_CONSTANT_CONVERSION = YES;
				CLANG_WARN_DIRECT_OBJC_ISA_USAGE = YES_ERROR;
				CLANG_WARN_EMPTY_BODY = YES;
				CLANG_WARN_ENUM_CONVERSION = YES;
				CLANG_WARN_INT_CONVERSION = YES;
				CLANG_WARN_OBJC_ROOT_CLASS = YES_ERROR;
				CLANG_WARN_UNREACHABLE_CODE = YES;
				CLANG_WARN__DUPLICATE_METHOD_MATCH = YES;
				"CODE_SIGN_IDENTITY[sdk=iphoneos*]" = "iPhone Developer";
				COPY_PHASE_STRIP = NO;
				DEBUG_INFORMATION_FORMAT = "dwarf-with-dsym";
				ENABLE_NS_ASSERTIONS = NO;
				ENABLE_STRICT_OBJC_MSGSEND = YES;
				GCC_C_LANGUAGE_STANDARD = gnu99;
				GCC_NO_COMMON_BLOCKS = YES;
				GCC_WARN_64_TO_32_BIT_CONVERSION = YES;
				GCC_WARN_ABOUT_RETURN_TYPE = YES_ERROR;
				GCC_WARN_UNDECLARED_SELECTOR = YES;
				GCC_WARN_UNINITIALIZED_AUTOS = YES_AGGRESSIVE;
				GCC_WARN_UNUSED_FUNCTION = YES;
				GCC_WARN_UNUSED_VARIABLE = YES;
				IPHONEOS_DEPLOYMENT_TARGET = 9.0;
				MTL_ENABLE_DEBUG_INFO = NO;
				SDKROOT = iphoneos;
				TARGETED_DEVICE_FAMILY = "1,2";
				VALIDATE_PRODUCT = YES;
			};
			name = Release;
		};
		70EEDB531BAF6F94007711D5 /* Debug */ = {
			isa = XCBuildConfiguration;
			buildSettings = {
				ASSETCATALOG_COMPILER_APPICON_NAME = AppIcon;
				INFOPLIST_FILE = "todo app/Info.plist";
				LD_RUNPATH_SEARCH_PATHS = "$(inherited) @executable_path/Frameworks";
				PRODUCT_BUNDLE_IDENTIFIER = "jesusmaldonado.todo-app";
				PRODUCT_NAME = "$(TARGET_NAME)";
			};
			name = Debug;
		};
		70EEDB541BAF6F94007711D5 /* Release */ = {
			isa = XCBuildConfiguration;
			buildSettings = {
				ASSETCATALOG_COMPILER_APPICON_NAME = AppIcon;
				INFOPLIST_FILE = "todo app/Info.plist";
				LD_RUNPATH_SEARCH_PATHS = "$(inherited) @executable_path/Frameworks";
				PRODUCT_BUNDLE_IDENTIFIER = "jesusmaldonado.todo-app";
				PRODUCT_NAME = "$(TARGET_NAME)";
			};
			name = Release;
		};
		70EEDB561BAF6F94007711D5 /* Debug */ = {
			isa = XCBuildConfiguration;
			buildSettings = {
				BUNDLE_LOADER = "$(TEST_HOST)";
				INFOPLIST_FILE = "todo appTests/Info.plist";
				LD_RUNPATH_SEARCH_PATHS = "$(inherited) @executable_path/Frameworks @loader_path/Frameworks";
				PRODUCT_BUNDLE_IDENTIFIER = "jesusmaldonado.todo-appTests";
				PRODUCT_NAME = "$(TARGET_NAME)";
				TEST_HOST = "$(BUILT_PRODUCTS_DIR)/todo app.app/todo app";
			};
			name = Debug;
		};
		70EEDB571BAF6F94007711D5 /* Release */ = {
			isa = XCBuildConfiguration;
			buildSettings = {
				BUNDLE_LOADER = "$(TEST_HOST)";
				INFOPLIST_FILE = "todo appTests/Info.plist";
				LD_RUNPATH_SEARCH_PATHS = "$(inherited) @executable_path/Frameworks @loader_path/Frameworks";
				PRODUCT_BUNDLE_IDENTIFIER = "jesusmaldonado.todo-appTests";
				PRODUCT_NAME = "$(TARGET_NAME)";
				TEST_HOST = "$(BUILT_PRODUCTS_DIR)/todo app.app/todo app";
			};
			name = Release;
		};
		70EEDB591BAF6F94007711D5 /* Debug */ = {
			isa = XCBuildConfiguration;
			buildSettings = {
				INFOPLIST_FILE = "todo appUITests/Info.plist";
				LD_RUNPATH_SEARCH_PATHS = "$(inherited) @executable_path/Frameworks @loader_path/Frameworks";
				PRODUCT_BUNDLE_IDENTIFIER = "jesusmaldonado.todo-appUITests";
				PRODUCT_NAME = "$(TARGET_NAME)";
				TEST_TARGET_NAME = "todo app";
				USES_XCTRUNNER = YES;
			};
			name = Debug;
		};
		70EEDB5A1BAF6F94007711D5 /* Release */ = {
			isa = XCBuildConfiguration;
			buildSettings = {
				INFOPLIST_FILE = "todo appUITests/Info.plist";
				LD_RUNPATH_SEARCH_PATHS = "$(inherited) @executable_path/Frameworks @loader_path/Frameworks";
				PRODUCT_BUNDLE_IDENTIFIER = "jesusmaldonado.todo-appUITests";
				PRODUCT_NAME = "$(TARGET_NAME)";
				TEST_TARGET_NAME = "todo app";
				USES_XCTRUNNER = YES;
			};
			name = Release;
		};
/* End XCBuildConfiguration section */

/* Begin XCConfigurationList section */
		70EEDB231BAF6F94007711D5 /* Build configuration list for PBXProject "todo app" */ = {
			isa = XCConfigurationList;
			buildConfigurations = (
				70EEDB501BAF6F94007711D5 /* Debug */,
				70EEDB511BAF6F94007711D5 /* Release */,
			);
			defaultConfigurationIsVisible = 0;
			defaultConfigurationName = Release;
		};
		70EEDB521BAF6F94007711D5 /* Build configuration list for PBXNativeTarget "todo app" */ = {
			isa = XCConfigurationList;
			buildConfigurations = (
				70EEDB531BAF6F94007711D5 /* Debug */,
				70EEDB541BAF6F94007711D5 /* Release */,
			);
			defaultConfigurationIsVisible = 0;
		};
		70EEDB551BAF6F94007711D5 /* Build configuration list for PBXNativeTarget "todo appTests" */ = {
			isa = XCConfigurationList;
			buildConfigurations = (
				70EEDB561BAF6F94007711D5 /* Debug */,
				70EEDB571BAF6F94007711D5 /* Release */,
			);
			defaultConfigurationIsVisible = 0;
		};
		70EEDB581BAF6F94007711D5 /* Build configuration list for PBXNativeTarget "todo appUITests" */ = {
			isa = XCConfigurationList;
			buildConfigurations = (
				70EEDB591BAF6F94007711D5 /* Debug */,
				70EEDB5A1BAF6F94007711D5 /* Release */,
			);
			defaultConfigurationIsVisible = 0;
		};
/* End XCConfigurationList section */
	};
	rootObject = 70EEDB201BAF6F94007711D5 /* Project object */;
}
